{
  "name": "editor",
  "version": "1.0.0",
  "lockfileVersion": 1,
  "requires": true,
  "dependencies": {
    "svgedit": {
      "version": "3.0.0-alpha.4",
      "resolved": "https://registry.npmjs.org/svgedit/-/svgedit-3.0.0-alpha.4.tgz",
      "integrity": "sha512-6ceOj8d0SOhOBB8eU6BU8KcYHWgAyxwfULQ8jWgRKvAxBWBpItM95pwxD9tw2guggP22y5kUyQHBguONV6qHXg=="
    }
  }
}
